codeberg.org/miekg/dns v0.6.84-0.20260707082657-ca97d3392f5f h1:+M7EMn7Zzv3kOkW0yeF5kCdv7zE2aJU41MvwskYiEio=
codeberg.org/miekg/dns v0.6.84-0.20260707082657-ca97d3392f5f/go.mod h1:58Y3ZTg6Z5ZEm/ZAAwHehbZfrD4u5mE4RByHoPEMyKk=
github.com/RyuaNerin/go-krypto v1.3.0 h1:smavTzSMAx8iuVlGb4pEwl9MD2qicqMzuXR2QWp2/Pg=
github.com/RyuaNerin/go-krypto v1.3.0/go.mod h1:9R9TU936laAIqAmjcHo/LsaXYOZlymudOAxjaBf62UM=
github.com/RyuaNerin/testingutil v0.1.0 h1:IYT6JL57RV3U2ml3dLHZsVtPOP6yNK7WUVdzzlpNrss=
github.com/RyuaNerin/testingutil v0.1.0/go.mod h1:yTqj6Ta/ycHMPJHRyO12Mz3VrvTloWOsy23WOZH19AA=
github.com/andybalholm/brotli v1.2.2 h1:HzTuoo2ErYQqf5qvcJInB8uvqSVxRttzkFexPWtnceM=
github.com/andybalholm/brotli v1.2.2/go.mod h1:rzTDkvFWvIrjDXZHkuS16NPggd91W3kUSvPlQ1pLaKY=
github.com/blang/semver/v4 v4.0.0 h1:1PFHFE6yCCTv8C1TeyNNarDzntLi7wMI5i/pzqYIsAM=
github.com/blang/semver/v4 v4.0.0/go.mod h1:IbckMUScFkM3pff0VJDNKRiT6TG/YpiHIM2yvyW5YoQ=
github.com/cloudflare/circl v1.6.4 h1:pOXuDTCEYyzydgUpQ0CQz3LsinKjiSk6nNP5Lt5K64U=
github.com/cloudflare/circl v1.6.4/go.mod h1:YxarevkLlbaHuWsxG6vmYNWBEsSp4pnp7j+4VljMavY=
github.com/cronokirby/saferith v0.33.1-0.20250226174546-1f11f94ce488 h1:tLWBZgPg6TV67oe76W4p+aUQEWIa52wbcuiz8GFd3vo=
github.com/cronokirby/saferith v0.33.1-0.20250226174546-1f11f94ce488/go.mod h1:QKJhjoqUtBsXCAVEjw38mFqoi7DebT7kthcD7UzbnoA=
github.com/davecgh/go-spew v1.1.1 h1:vj9j/u1bqnvCEfJOwUhtlOARqs3+rkHYY13jYWTU97c=
github.com/davecgh/go-spew v1.1.1/go.mod h1:J7Y8YcW2NihsgmVo/mv3lAwl/skON4iLHjSsI+c5H38=
github.com/dgryski/go-camellia v0.0.0-20191119043421-69a8a13fb23d h1:CPqTNIigGweVPT4CYb+OO2E6XyRKFOmvTHwWRLgCAlE=
github.com/dgryski/go-camellia v0.0.0-20191119043421-69a8a13fb23d/go.mod h1:QX5ZVULjAfZJux/W62Y91HvCh9hyW6enAwcrrv/sLj0=
github.com/emmansun/gmsm v0.44.0 h1:QAg/Xuha84+AUPFIe7T8Ly4S8z54+UPwpBnHS8Y8Ubc=
github.com/emmansun/gmsm v0.44.0/go.mod h1:CHti5ihGbTOI0pCtdoC8HLjBxGFktH/ksbpsCgsCzkQ=
github.com/klauspost/compress v1.19.1-0.20260710073621-c0bbc84762b7 h1:v6MC8pbdbJsbYI5VzThLReM26yZ0gShUil6F/Mv0Xpo=
github.com/klauspost/compress v1.19.1-0.20260710073621-c0bbc84762b7/go.mod h1:cwPg85FWrGar70rWktvGQj8/hthj3wpl0PGDogxkrSQ=
github.com/klauspost/cpuid/v2 v2.4.0 h1:S6Hrbc7+ywsr0r+RLapfGBHfyefhCTwEh3A0tV913Dw=
github.com/klauspost/cpuid/v2 v2.4.0/go.mod h1:19jmZ9mjzoF//ddRSUsv0zfBTJWh3QJh9FNxZTMrGxU=
github.com/ncruces/go-sqlite3 v0.35.3-0.20260708233615-a627269d8f8a h1:3Z/rLSRYhOPOSNkHMJ5JtxwbjogS6KyqO5e0foBTYe8=
github.com/ncruces/go-sqlite3 v0.35.3-0.20260708233615-a627269d8f8a/go.mod h1:4k8YlXeLRn+Gf1VaXLl7Zbx4wp7+Gthf+32EA6y3FeI=
github.com/ncruces/go-sqlite3-wasm/v3 v3.2.35303 h1:td8kMW1bWwzc7NnlzPjQV4GbDNLkje8htGBfbZRaSh8=
github.com/ncruces/go-sqlite3-wasm/v3 v3.2.35303/go.mod h1:o8gr9w/50fXA5TDskg6bNUjvqmFfw4KaXth4q+yDSjg=
github.com/ncruces/julianday v1.0.0 h1:fH0OKwa7NWvniGQtxdJRxAgkBMolni2BjDHaWTxqt7M=
github.com/ncruces/julianday v1.0.0/go.mod h1:Dusn2KvZrrovOMJuOt0TNXL6tB7U2E8kvza5fFc9G7g=
github.com/pjbgf/sha1cd v0.6.1-0.20260701134543-795854be75e9 h1:8auoHPCkgHJGvZKvfQo28701D76nmHUuLOBgN0WPS+g=
github.com/pjbgf/sha1cd v0.6.1-0.20260701134543-795854be75e9/go.mod h1:a3VhvIqPThq8oy6+du+gH4VTurYTVaW7HIV3FIFcYvM=
github.com/pmezard/go-difflib v1.0.0 h1:4DBwDE0NGyQoBHbLQYPwSUPoCMWR5BEzIk/f1lZbAQM=
github.com/pmezard/go-difflib v1.0.0/go.mod h1:iKH77koFhYxTK1pcRnkKkqfTogsbg7gZNVY4sRDYZ/4=
github.com/pmorjan/kmod v1.1.1 h1:Vfw6bMaOg/sYSBCqJPT9TbqHHf5zK00GbaL5JQLO4r0=
github.com/pmorjan/kmod v1.1.1/go.mod h1:jR4fVosEpQ6b5U0rpxaqoShTDPvCjLIP8vEESZyvnqQ=
github.com/quic-go/go-ossfuzz-seeds v0.1.0 h1:APacT+iIaNF6fd8AGEiN3bT/Jtkd2jz4v4TzM7MFjy0=
github.com/quic-go/go-ossfuzz-seeds v0.1.0/go.mod h1:3IOHRbJIc+L6YKMwfDtJAM9Vj9k0YY4muhuyUYk5tbk=
github.com/quic-go/qpack v0.6.0 h1:g7W+BMYynC1LbYLSqRt8PBg5Tgwxn214ZZR34VIOjz8=
github.com/quic-go/qpack v0.6.0/go.mod h1:lUpLKChi8njB4ty2bFLX2x4gzDqXwUpaO1DP9qMDZII=
github.com/quic-go/quic-go v0.60.1-0.20260711192402-3354ecf0bc6f h1:LtByXEUR+SFouAaZfAaxOyXnlmmITTm2SWKcH4zKGgA=
github.com/quic-go/quic-go v0.60.1-0.20260711192402-3354ecf0bc6f/go.mod h1:wpKpjmPpftl30sL6pFh7REVpjbcCVy4zt2vDyK1TuJk=
github.com/rogpeppe/go-internal v1.15.0 h1:D0RCU5rMAp+SpgkiNdrjfJ+LX4J1M32V2NeCY7EJ6hc=
github.com/rogpeppe/go-internal v1.15.0/go.mod h1:DrUVZyrJU+txYW5/1kwtXQSMFio52ZOxX7yM1VHvnxs=
github.com/stretchr/testify v1.11.1 h1:7s2iGBzp5EwR7/aIZr8ao5+dra3wiQyKjjFuvgVKu7U=
github.com/stretchr/testify v1.11.1/go.mod h1:wZwfW3scLgRK+23gO65QZefKpKQRnfz6sD981Nm4B6U=
github.com/xyproto/randomstring v1.0.5 h1:YtlWPoRdgMu3NZtP45drfy1GKoojuR7hmRcnhZqKjWU=
github.com/xyproto/randomstring v1.0.5/go.mod h1:rgmS5DeNXLivK7YprL0pY+lTuhNQW3iGxZ18UQApw/E=
gitlab.com/go-extension/aes-ccm v0.0.0-20230221065045-e58665ef23c7 h1:UNrDfkQqiEYzdMlNsVvBYOAJWZjdktqFE9tQh5BT2+4=
gitlab.com/go-extension/aes-ccm v0.0.0-20230221065045-e58665ef23c7/go.mod h1:E+rxHvJG9H6PUdzq9NRG6csuLN3XUx98BfGOVWNYnXs=
gitlab.com/go-extension/ffdh v0.0.0-20251208192952-367b797915cb h1:ASbVB14sRJ47XaoalmSxNUyvLky065IOKiDNyrTL8DU=
gitlab.com/go-extension/ffdh v0.0.0-20251208192952-367b797915cb/go.mod h1:FIPqR8oVxs5FdpfbELmomLlweLihoAJ9P/+EMTsindY=
gitlab.com/go-extension/hash v0.0.0-20250912170447-263d1d8375e4 h1:SMsGMMkGS9WBYrlbVsGyvky2InkWVhyPLRBwynzmxvI=
gitlab.com/go-extension/hash v0.0.0-20250912170447-263d1d8375e4/go.mod h1:fgbJOB/r2jzfdhIdj6N0Hz6hahFqzSdU5TH1Hpoqq7c=
gitlab.com/go-extension/http v0.0.0-20260519092405-5b0773857d0f h1:PIH4MkzPmCHSQHpEBMLRDU2noqyQhwB+BrVmPKOFRCk=
gitlab.com/go-extension/http v0.0.0-20260519092405-5b0773857d0f/go.mod h1:JHhAUoCbSlqFIvdXNrExIRx+cbUygSSIix/n+Sy154w=
gitlab.com/go-extension/rand v0.0.0-20240303103951-707937a049b5 h1:xQA0rfVPqW3G6dnb4qtgBdxr9XLu9vzDfdqKfLqGFXA=
gitlab.com/go-extension/rand v0.0.0-20240303103951-707937a049b5/go.mod h1:nRmjyZOSF6N/6yuRl7ui9wKb1DjMX9ELGzOwELwWVSU=
gitlab.com/go-extension/tls v0.0.0-20260608100712-9d9c3c3bf246 h1:XTZfR1rJjtphieZYO4VdVO4WjsDPOBuSPY9ryauAyyc=
gitlab.com/go-extension/tls v0.0.0-20260608100712-9d9c3c3bf246/go.mod h1:YDOE3Bcr2glufOLkR1iTOguApmrXdmJGTg5XuAij9bY=
gitlab.com/go-extension/utils v0.0.0-20251006173700-b62b19cda891 h1:b45Hl2gyHbV6GANcg/7BSZ0A0JUjq/gBEq+OeJlAuM0=
gitlab.com/go-extension/utils v0.0.0-20251006173700-b62b19cda891/go.mod h1:Ywd71Frp71RHLytGD2PgcTyxX/nEpGcYh85CPFTz3Mg=
go.uber.org/mock v0.6.0 h1:hyF9dfmbgIX5EfOdasqLsWD6xqpNZlXblLB/Dbnwv3Y=
go.uber.org/mock v0.6.0/go.mod h1:KiVJ4BqZJaMj4svdfmHM0AUx4NJYO8ZNpPnZn1Z+BBU=
golang.org/x/crypto v0.54.0 h1:YLIA59K4fiNzHzjnZt2tUJQjQtUWfWbeHBqKtk3eScw=
golang.org/x/crypto v0.54.0/go.mod h1:KWL8ny2AZdGR2cWmzeHrp2azQPGogOv+HeQaVEXC2dk=
golang.org/x/net v0.57.0 h1:K5+3DljvIuDG9/Jv9rvyMywYNFCQ9RSUY6OOTTkT+tE=
golang.org/x/net v0.57.0/go.mod h1:KpXc8iv+r3XplLAG/f7Jsf9RPszJzdR0f58q9vGOuEU=
golang.org/x/sync v0.22.0 h1:SZjpbeLmrCk4xhRSZFNZW5gFUeCeFgjekvI/+gfScek=
golang.org/x/sync v0.22.0/go.mod h1:9xrNwdLfx4jkKbNva9FpL6vEN7evnE43NNNJQ2LF3+0=
golang.org/x/sys v0.47.0 h1:o7XGOvZQCADBQQ4Y7VNq2dRWQR7JmOUW8Kxx4ZsNgWs=
golang.org/x/sys v0.47.0/go.mod h1:4GL1E5IUh+htKOUEOaiffhrAeqysfVGipDYzABqnCmw=
golang.org/x/text v0.40.0 h1:Ub2Z6/xjgF1WrYQz2nuITOEegKFtiIy+rieRJ5lHZKs=
golang.org/x/text v0.40.0/go.mod h1:hpnzDAfGV753zIKo+wk3u1bVKCGPbrnF7+7LBF/UHVY=
gopkg.in/yaml.v3 v3.0.1 h1:fxVm/GzAzEWqLHuvctI91KS9hhNmmWOoWu0XTYJS7CA=
gopkg.in/yaml.v3 v3.0.1/go.mod h1:K4uyk7z7BCEPqu6E+C64Yfv1cQ7kz7rIZviUmN+EgEM=
